
Microsoft Visual Studio Solution File, Format Version 12.00
# Visual Studio Version 16
VisualStudioVersion = 16.0.31702.278
MinimumVisualStudioVersion = 10.0.40219.1
Project("{FAE04EC0-301F-11D3-BF4B-00C04F79EFBC}") = "Ev1_RegistroAlumnos", "Ev1_RegistroAlumnos\Ev1_RegistroAlumnos.csproj", "{045948F0-8079-4242-AF9E-C098C3920DD5}"
EndProject
Global
	GlobalSection(SolutionConfigurationPlatforms) = preSolution
		Debug|Any CPU = Debug|Any CPU
		Release|Any CPU = Release|Any CPU
	EndGlobalSection
	GlobalSection(ProjectConfigurationPlatforms) = postSolution
		{045948F0-8079-4242-AF9E-C098C3920DD5}.Debug|Any CPU.ActiveCfg = Debug|Any CPU
		{045948F0-8079-4242-AF9E-C098C3920DD5}.Debug|Any CPU.Build.0 = Debug|Any CPU
		{045948F0-8079-4242-AF9E-C098C3920DD5}.Release|Any CPU.ActiveCfg = Release|Any CPU
		{045948F0-8079-4242-AF9E-C098C3920DD5}.Release|Any CPU.Build.0 = Release|Any CPU
	EndGlobalSection
	GlobalSection(SolutionProperties) = preSolution
		HideSolutionNode = FALSE
	EndGlobalSection
	GlobalSection(ExtensibilityGlobals) = postSolution
		SolutionGuid = {32E9CD4E-20C7-4FD6-A71D-FB34AE6E0429}
	EndGlobalSection
EndGlobal
